
Microsoft Visual Studio Solution File, Format Version 12.00
# Visual Studio Version 16
VisualStudioVersion = 16.0.32413.511
MinimumVisualStudioVersion = 10.0.40219.1
Project("{FAE04EC0-301F-11D3-BF4B-00C04F79EFBC}") = "assign3-con", "assign3-con\assign3-con.csproj", "{31A3EB49-4E04-4B8E-AE1E-22F2BFFAEF82}"
EndProject
Global
	GlobalSection(SolutionConfigurationPlatforms) = preSolution
		Debug|Any CPU = Debug|Any CPU
		Release|Any CPU = Release|Any CPU
	EndGlobalSection
	GlobalSection(ProjectConfigurationPlatforms) = postSolution
		{31A3EB49-4E04-4B8E-AE1E-22F2BFFAEF82}.Debug|Any CPU.ActiveCfg = Debug|Any CPU
		{31A3EB49-4E04-4B8E-AE1E-22F2BFFAEF82}.Debug|Any CPU.Build.0 = Debug|Any CPU
		{31A3EB49-4E04-4B8E-AE1E-22F2BFFAEF82}.Release|Any CPU.ActiveCfg = Release|Any CPU
		{31A3EB49-4E04-4B8E-AE1E-22F2BFFAEF82}.Release|Any CPU.Build.0 = Release|Any CPU
	EndGlobalSection
	GlobalSection(SolutionProperties) = preSolution
		HideSolutionNode = FALSE
	EndGlobalSection
	GlobalSection(ExtensibilityGlobals) = postSolution
		SolutionGuid = {EC636826-8EA0-4644-867F-8DC140F59C76}
	EndGlobalSection
EndGlobal
